// !$*UTF8*$!
{
	archiveVersion = 1;
	classes = {
	};
	objectVersion = 46;
	objects = {

/* Begin PBXBuildFile section */
		7BE7A3681DE2BC6500190231 /* AppDelegate.swift in Sources */ = {isa = PBXBuildFile; fileRef = 7BE7A3671DE2BC6500190231 /* AppDelegate.swift */; };
		7BE7A36A1DE2BC6500190231 /* ViewController.swift in Sources */ = {isa = PBXBuildFile; fileRef = 7BE7A3691DE2BC6500190231 /* ViewController.swift */; };
		7BE7A36D1DE2BC6500190231 /* Main.storyboard in Resources */ = {isa = PBXBuildFile; fileRef = 7BE7A36B1DE2BC6500190231 /* Main.storyboard */; };
		7BE7A3701DE2BC6500190231 /* DynamicView.xcdatamodeld in Sources */ = {isa = PBXBuildFile; fileRef = 7BE7A36E1DE2BC6500190231 /* DynamicView.xcdatamodeld */; };
		7BE7A3721DE2BC6500190231 /* Assets.xcassets in Resources */ = {isa = PBXBuildFile; fileRef = 7BE7A3711DE2BC6500190231 /* Assets.xcassets */; };
		7BE7A3751DE2BC6500190231 /* LaunchScreen.storyboard in Resources */ = {isa = PBXBuildFile; fileRef = 7BE7A3731DE2BC6500190231 /* LaunchScreen.storyboard */; };
		7BE7A37D1DE2BD7000190231 /* AddViewController.swift in Sources */ = {isa = PBXBuildFile; fileRef = 7BE7A37C1DE2BD7000190231 /* AddViewController.swift */; };
		7BE7A3811DE2F59500190231 /* TextFieldTableViewCell.swift in Sources */ = {isa = PBXBuildFile; fileRef = 7BE7A3801DE2F59500190231 /* TextFieldTableViewCell.swift */; };
		7BE7A3831DE2F5AE00190231 /* TextViewTableViewCell.swift in Sources */ = {isa = PBXBuildFile; fileRef = 7BE7A3821DE2F5AE00190231 /* TextViewTableViewCell.swift */; };
		7BE7A3851DE2F5C700190231 /* LabelTableViewCell.swift in Sources */ = {isa = PBXBuildFile; fileRef = 7BE7A3841DE2F5C700190231 /* LabelTableViewCell.swift */; };
/* End PBXBuildFile section */

/* Begin PBXFileReference section */
		7BE7A3641DE2BC6500190231 /* DynamicView.app */ = {isa = PBXFileReference; explicitFileType = wrapper.application; includeInIndex = 0; path = DynamicView.app; sourceTree = BUILT_PRODUCTS_DIR; };
		7BE7A3671DE2BC6500190231 /* AppDelegate.swift */ = {isa = PBXFileReference; lastKnownFileType = sourcecode.swift; path = AppDelegate.swift; sourceTree = "<group>"; };
		7BE7A3691DE2BC6500190231 /* ViewController.swift */ = {isa = PBXFileReference; lastKnownFileType = sourcecode.swift; path = ViewController.swift; sourceTree = "<group>"; };
		7BE7A36C1DE2BC6500190231 /* Base */ = {isa = PBXFileReference; lastKnownFileType = file.storyboard; name = Base; path = Base.lproj/Main.storyboard; sourceTree = "<group>"; };
		7BE7A36F1DE2BC6500190231 /* DynamicView.xcdatamodel */ = {isa = PBXFileReference; lastKnownFileType = wrapper.xcdatamodel; path = DynamicView.xcdatamodel; sourceTree = "<group>"; };
		7BE7A3711DE2BC6500190231 /* Assets.xcassets */ = {isa = PBXFileReference; lastKnownFileType = folder.assetcatalog; path = Assets.xcassets; sourceTree = "<group>"; };
		7BE7A3741DE2BC6500190231 /* Base */ = {isa = PBXFileReference; lastKnownFileType = file.storyboard; name = Base; path = Base.lproj/LaunchScreen.storyboard; sourceTree = "<group>"; };
		7BE7A3761DE2BC6500190231 /* Info.plist */ = {isa = PBXFileReference; lastKnownFileType = text.plist.xml; path = Info.plist; sourceTree = "<group>"; };
		7BE7A37C1DE2BD7000190231 /* AddViewController.swift */ = {isa = PBXFileReference; fileEncoding = 4; lastKnownFileType = sourcecode.swift; path = AddViewController.swift; sourceTree = "<group>"; };
		7BE7A3801DE2F59500190231 /* TextFieldTableViewCell.swift */ = {isa = PBXFileReference; fileEncoding = 4; lastKnownFileType = sourcecode.swift; path = TextFieldTableViewCell.swift; sourceTree = "<group>"; };
		7BE7A3821DE2F5AE00190231 /* TextViewTableViewCell.swift */ = {isa = PBXFileReference; fileEncoding = 4; lastKnownFileType = sourcecode.swift; path = TextViewTableViewCell.swift; sourceTree = "<group>"; };
		7BE7A3841DE2F5C700190231 /* LabelTableViewCell.swift */ = {isa = PBXFileReference; fileEncoding = 4; lastKnownFileType = sourcecode.swift; path = LabelTableViewCell.swift; sourceTree = "<group>"; };
/* End PBXFileReference section */

/* Begin PBXFrameworksBuildPhase section */
		7BE7A3611DE2BC6500190231 /* Frameworks */ = {
			isa = PBXFrameworksBuildPhase;
			buildActionMask = 2147483647;
			files = (
			);
			runOnlyForDeploymentPostprocessing = 0;
		};
/* End PBXFrameworksBuildPhase section */

/* Begin PBXGroup section */
		7BE7A35B1DE2BC6500190231 = {
			isa = PBXGroup;
			children = (
				7BE7A3661DE2BC6500190231 /* DynamicView */,
				7BE7A3651DE2BC6500190231 /* Products */,
			);
			sourceTree = "<group>";
		};
		7BE7A3651DE2BC6500190231 /* Products */ = {
			isa = PBXGroup;
			children = (
				7BE7A3641DE2BC6500190231 /* DynamicView.app */,
			);
			name = Products;
			sourceTree = "<group>";
		};
		7BE7A3661DE2BC6500190231 /* DynamicView */ = {
			isa = PBXGroup;
			children = (
				7BE7A3671DE2BC6500190231 /* AppDelegate.swift */,
				7BE7A3691DE2BC6500190231 /* ViewController.swift */,
				7BE7A37C1DE2BD7000190231 /* AddViewController.swift */,
				7BE7A3861DE32F8F00190231 /* View */,
				7BE7A36B1DE2BC6500190231 /* Main.storyboard */,
				7BE7A3711DE2BC6500190231 /* Assets.xcassets */,
				7BE7A3731DE2BC6500190231 /* LaunchScreen.storyboard */,
				7BE7A3761DE2BC6500190231 /* Info.plist */,
				7BE7A36E1DE2BC6500190231 /* DynamicView.xcdatamodeld */,
			);
			path = DynamicView;
			sourceTree = "<group>";
		};
		7BE7A3861DE32F8F00190231 /* View */ = {
			isa = PBXGroup;
			children = (
				7BE7A3801DE2F59500190231 /* TextFieldTableViewCell.swift */,
				7BE7A3821DE2F5AE00190231 /* TextViewTableViewCell.swift */,
				7BE7A3841DE2F5C700190231 /* LabelTableViewCell.swift */,
			);
			name = View;
			sourceTree = "<group>";
		};
/* End PBXGroup section */

/* Begin PBXNativeTarget section */
		7BE7A3631DE2BC6500190231 /* DynamicView */ = {
			isa = PBXNativeTarget;
			buildConfigurationList = 7BE7A3791DE2BC6500190231 /* Build configuration list for PBXNativeTarget "DynamicView" */;
			buildPhases = (
				7BE7A3601DE2BC6500190231 /* Sources */,
				7BE7A3611DE2BC6500190231 /* Frameworks */,
				7BE7A3621DE2BC6500190231 /* Resources */,
			);
			buildRules = (
			);
			dependencies = (
			);
			name = DynamicView;
			productName = DynamicView;
			productReference = 7BE7A3641DE2BC6500190231 /* DynamicView.app */;
			productType = "com.apple.product-type.application";
		};
/* End PBXNativeTarget section */

/* Begin PBXProject section */
		7BE7A35C1DE2BC6500190231 /* Project object */ = {
			isa = PBXProject;
			attributes = {
				LastSwiftUpdateCheck = 0730;
				LastUpgradeCheck = 0730;
				ORGANIZATIONNAME = techactive;
				TargetAttributes = {
					7BE7A3631DE2BC6500190231 = {
						CreatedOnToolsVersion = 7.3;
					};
				};
			};
			buildConfigurationList = 7BE7A35F1DE2BC6500190231 /* Build configuration list for PBXProject "DynamicView" */;
			compatibilityVersion = "Xcode 3.2";
			developmentRegion = English;
			hasScannedForEncodings = 0;
			knownRegions = (
				en,
				Base,
			);
			mainGroup = 7BE7A35B1DE2BC6500190231;
			productRefGroup = 7BE7A3651DE2BC6500190231 /* Products */;
			projectDirPath = "";
			projectRoot = "";
			targets = (
				7BE7A3631DE2BC6500190231 /* DynamicView */,
			);
		};
/* End PBXProject section */

/* Begin PBXResourcesBuildPhase section */
		7BE7A3621DE2BC6500190231 /* Resources */ = {
			isa = PBXResourcesBuildPhase;
			buildActionMask = 2147483647;
			files = (
				7BE7A3751DE2BC6500190231 /* LaunchScreen.storyboard in Resources */,
				7BE7A3721DE2BC6500190231 /* Assets.xcassets in Resources */,
				7BE7A36D1DE2BC6500190231 /* Main.storyboard in Resources */,
			);
			runOnlyForDeploymentPostprocessing = 0;
		};
/* End PBXResourcesBuildPhase section */

/* Begin PBXSourcesBuildPhase section */
		7BE7A3601DE2BC6500190231 /* Sources */ = {
			isa = PBXSourcesBuildPhase;
			buildActionMask = 2147483647;
			files = (
				7BE7A3701DE2BC6500190231 /* DynamicView.xcdatamodeld in Sources */,
				7BE7A36A1DE2BC6500190231 /* ViewController.swift in Sources */,
				7BE7A37D1DE2BD7000190231 /* AddViewController.swift in Sources */,
				7BE7A3681DE2BC6500190231 /* AppDelegate.swift in Sources */,
				7BE7A3851DE2F5C700190231 /* LabelTableViewCell.swift in Sources */,
				7BE7A3811DE2F59500190231 /* TextFieldTableViewCell.swift in Sources */,
				7BE7A3831DE2F5AE00190231 /* TextViewTableViewCell.swift in Sources */,
			);
			runOnlyForDeploymentPostprocessing = 0;
		};
/* End PBXSourcesBuildPhase section */

/* Begin PBXVariantGroup section */
		7BE7A36B1DE2BC6500190231 /* Main.storyboard */ = {
			isa = PBXVariantGroup;
			children = (
				7BE7A36C1DE2BC6500190231 /* Base */,
			);
			name = Main.storyboard;
			sourceTree = "<group>";
		};
		7BE7A3731DE2BC6500190231 /* LaunchScreen.storyboard */ = {
			isa = PBXVariantGroup;
			children = (
				7BE7A3741DE2BC6500190231 /* Base */,
			);
			name = LaunchScreen.storyboard;
			sourceTree = "<group>";
		};
/* End PBXVariantGroup section */

/* Begin XCBuildConfiguration section */
		7BE7A3771DE2BC6500190231 /* Debug */ = {
			isa = XCBuildConfiguration;
			buildSettings = {
				ALWAYS_SEARCH_USER_PATHS = NO;
				CLANG_ANALYZER_NONNULL = YES;
				CLANG_CXX_LANGUAGE_STANDARD = "gnu++0x";
				CLANG_CXX_LIBRARY = "libc++";
				CLANG_ENABLE_MODULES = YES;
				CLANG_ENABLE_OBJC_ARC = YES;
				CLANG_WARN_BOOL_CONVERSION = YES;
				CLANG_WARN_CONSTANT_CONVERSION = YES;
				CLANG_WARN_DIRECT_OBJC_ISA_USAGE = YES_ERROR;
				CLANG_WARN_EMPTY_BODY = YES;
				CLANG_WARN_ENUM_CONVERSION = YES;
				CLANG_WARN_INT_CONVERSION = YES;
				CLANG_WARN_OBJC_ROOT_CLASS = YES_ERROR;
				CLANG_WARN_UNREACHABLE_CODE = YES;
				CLANG_WARN__DUPLICATE_METHOD_MATCH = YES;
				"CODE_SIGN_IDENTITY[sdk=iphoneos*]" = "iPhone Developer";
				COPY_PHASE_STRIP = NO;
				DEBUG_INFORMATION_FORMAT = dwarf;
				ENABLE_STRICT_OBJC_MSGSEND = YES;
				ENABLE_TESTABILITY = YES;
				GCC_C_LANGUAGE_STANDARD = gnu99;
				GCC_DYNAMIC_NO_PIC = NO;
				GCC_NO_COMMON_BLOCKS = YES;
				GCC_OPTIMIZATION_LEVEL = 0;
				GCC_PREPROCESSOR_DEFINITIONS = (
					"DEBUG=1",
					"$(inherited)",
				);
				GCC_WARN_64_TO_32_BIT_CONVERSION = YES;
				GCC_WARN_ABOUT_RETURN_TYPE = YES_ERROR;
				GCC_WARN_UNDECLARED_SELECTOR = YES;
				GCC_WARN_UNINITIALIZED_AUTOS = YES_AGGRESSIVE;
				GCC_WARN_UNUSED_FUNCTION = YES;
				GCC_WARN_UNUSED_VARIABLE = YES;
				IPHONEOS_DEPLOYMENT_TARGET = 9.3;
				MTL_ENABLE_DEBUG_INFO = YES;
				ONLY_ACTIVE_ARCH = YES;
				SDKROOT = iphoneos;
				SWIFT_OPTIMIZATION_LEVEL = "-Onone";
			};
			name = Debug;
		};
		7BE7A3781DE2BC6500190231 /* Release */ = {
			isa = XCBuildConfiguration;
			buildSettings = {
				ALWAYS_SEARCH_USER_PATHS = NO;
				CLANG_ANALYZER_NONNULL = YES;
				CLANG_CXX_LANGUAGE_STANDARD = "gnu++0x";
				CLANG_CXX_LIBRARY = "libc++";
				CLANG_ENABLE_MODULES = YES;
				CLANG_ENABLE_OBJC_ARC = YES;
				CLANG_WARN_BOOL_CONVERSION = YES;
				CLANG_WARN_CONSTANT_CONVERSION = YES;
				CLANG_WARN_DIRECT_OBJC_ISA_USAGE = YES_ERROR;
				CLANG_WARN_EMPTY_BODY = YES;
				CLANG_WARN_ENUM_CONVERSION = YES;
				CLANG_WARN_INT_CONVERSION = YES;
				CLANG_WARN_OBJC_ROOT_CLASS = YES_ERROR;
				CLANG_WARN_UNREACHABLE_CODE = YES;
				CLANG_WARN__DUPLICATE_METHOD_MATCH = YES;
				"CODE_SIGN_IDENTITY[sdk=iphoneos*]" = "iPhone Developer";
				COPY_PHASE_STRIP = NO;
				DEBUG_INFORMATION_FORMAT = "dwarf-with-dsym";
				ENABLE_NS_ASSERTIONS = NO;
				ENABLE_STRICT_OBJC_MSGSEND = YES;
				GCC_C_LANGUAGE_STANDARD = gnu99;
				GCC_NO_COMMON_BLOCKS = YES;
				GCC_WARN_64_TO_32_BIT_CONVERSION = YES;
				GCC_WARN_ABOUT_RETURN_TYPE = YES_ERROR;
				GCC_WARN_UNDECLARED_SELECTOR = YES;
				GCC_WARN_UNINITIALIZED_AUTOS = YES_AGGRESSIVE;
				GCC_WARN_UNUSED_FUNCTION = YES;
				GCC_WARN_UNUSED_VARIABLE = YES;
				IPHONEOS_DEPLOYMENT_TARGET = 9.3;
				MTL_ENABLE_DEBUG_INFO = NO;
				SDKROOT = iphoneos;
				VALIDATE_PRODUCT = YES;
			};
			name = Release;
		};
		7BE7A37A1DE2BC6500190231 /* Debug */ = {
			isa = XCBuildConfiguration;
			buildSettings = {
				ASSETCATALOG_COMPILER_APPICON_NAME = AppIcon;
				INFOPLIST_FILE = DynamicView/Info.plist;
				LD_RUNPATH_SEARCH_PATHS = "$(inherited) @executable_path/Frameworks";
				PRODUCT_BUNDLE_IDENTIFIER = com.Techactive.DynamicView;
				PRODUCT_NAME = "$(TARGET_NAME)";
			};
			name = Debug;
		};
		7BE7A37B1DE2BC6500190231 /* Release */ = {
			isa = XCBuildConfiguration;
			buildSettings = {
				ASSETCATALOG_COMPILER_APPICON_NAME = AppIcon;
				INFOPLIST_FILE = DynamicView/Info.plist;
				LD_RUNPATH_SEARCH_PATHS = "$(inherited) @executable_path/Frameworks";
				PRODUCT_BUNDLE_IDENTIFIER = com.Techactive.DynamicView;
				PRODUCT_NAME = "$(TARGET_NAME)";
			};
			name = Release;
		};
/* End XCBuildConfiguration section */

/* Begin XCConfigurationList section */
		7BE7A35F1DE2BC6500190231 /* Build configuration list for PBXProject "DynamicView" */ = {
			isa = XCConfigurationList;
			buildConfigurations = (
				7BE7A3771DE2BC6500190231 /* Debug */,
				7BE7A3781DE2BC6500190231 /* Release */,
			);
			defaultConfigurationIsVisible = 0;
			defaultConfigurationName = Release;
		};
		7BE7A3791DE2BC6500190231 /* Build configuration list for PBXNativeTarget "DynamicView" */ = {
			isa = XCConfigurationList;
			buildConfigurations = (
				7BE7A37A1DE2BC6500190231 /* Debug */,
				7BE7A37B1DE2BC6500190231 /* Release */,
			);
			defaultConfigurationIsVisible = 0;
		};
/* End XCConfigurationList section */

/* Begin XCVersionGroup section */
		7BE7A36E1DE2BC6500190231 /* DynamicView.xcdatamodeld */ = {
			isa = XCVersionGroup;
			children = (
				7BE7A36F1DE2BC6500190231 /* DynamicView.xcdatamodel */,
			);
			currentVersion = 7BE7A36F1DE2BC6500190231 /* DynamicView.xcdatamodel */;
			path = DynamicView.xcdatamodeld;
			sourceTree = "<group>";
			versionGroupType = wrapper.xcdatamodel;
		};
/* End XCVersionGroup section */
	};
	rootObject = 7BE7A35C1DE2BC6500190231 /* Project object */;
}
